cloud.google.com/go v0.26.0/go.mod h1:aQUYkXzVsufM+DwF1aE+0xfcU+56JwCaLick0ClmMTw=
github.com/BurntSushi/toml v0.3.1 h1:WXkYYl6Yr3qBf1K79EBnL4mak0OimBfB0XUf9Vl28OQ=
github.com/BurntSushi/toml v0.3.1/go.mod h1:xHWCNGjB5oqiDr8zfno3MHue2Ht5sIBksp03qcyfWMU=
github.com/OneOfOne/xxhash v1.2.2/go.mod h1:HSdplMjZKSmBqAxg5vPj2TmRDmfkzw+cTzAElWljhcU=
github.com/andybalholm/brotli v1.0.0 h1:7UCwP93aiSfvWpapti8g88vVVGp2qqtGyePsSuDafo4=
github.com/andybalholm/brotli v1.0.0/go.mod h1:loMXtMfwqflxFJPmdbJO0a3KNoPuLBgiu3qAvBg8x/Y=
github.com/aws/aws-sdk-go v1.25.14-0.20200107192630-7eff85148854 h1:X83pWFpq+3Gsx11RV23MhOHFL6V9EJKN3VPYfHS75s0=
github.com/aws/aws-sdk-go v1.25.14-0.20200107192630-7eff85148854/go.mod h1:KmX6BPdI08NWTb3/sm4ZGu5ShLoqVDhKgpiN924inxo=
github.com/aws/aws-sdk-go v1.34.25 h1:yHNez503p+NuQ5QdMKjwEIkwTa2u+TeUAPAqCVdFu4I=
github.com/aws/aws-sdk-go v1.34.25/go.mod h1:5zCpMtNQVjRREroY7sYe8lOMRSxkhG6MZveU8YkpAk0=
github.com/aws/aws-sdk-go v1.34.27 h1:qBqccUrlz43Zermh0U1O502bHYZsgMlBm+LUVabzBPA=
github.com/aws/aws-sdk-go v1.34.27/go.mod h1:5zCpMtNQVjRREroY7sYe8lOMRSxkhG6MZveU8YkpAk0=
github.com/campoy/embedmd v0.0.0-20171205015432-c59ce00e0296 h1:tRsilif6pbtt+PX6uRoyGd+qR+4ZPucFZLHlc3Ak6z8=
github.com/campoy/embedmd v0.0.0-20171205015432-c59ce00e0296/go.mod h1:/dBk8ICkslPCmyRdn4azP+QvBxL6Eg3EYxUGI9xMMFw=
github.com/census-instrumentation/opencensus-proto v0.2.1/go.mod h1:f6KPmirojxKA12rnyqOA5BBL4O983OfeGPqjHWSTneU=
github.com/cespare/xxhash v1.1.0 h1:a6HrQnmkObjyL+Gs60czilIUGqrzKutQD6XZog3p+ko=
github.com/cespare/xxhash v1.1.0/go.mod h1:XrSqR1VqqWfGrhpAt58auRo0WTKS1nRRg3ghfAqPWnc=
github.com/client9/misspell v0.3.4 h1:ta993UF76GwbvJcIo3Y68y/M3WxlpEHPWIGDkJYwzJI=
github.com/client9/misspell v0.3.4/go.mod h1:qj6jICC3Q7zFZvVWo7KLAzC3yx5G7kyvSDkc90ppPyw=
github.com/cncf/udpa/go v0.0.0-20191209042840-269d4d468f6f/go.mod h1:M8M6+tZqaGXZJjfX53e64911xZQV5JYwmTeXPW+k8Sc=
github.com/davecgh/go-spew v1.1.0/go.mod h1:J7Y8YcW2NihsgmVo/mv3lAwl/skON4iLHjSsI+c5H38=
github.com/davecgh/go-spew v1.1.1/go.mod h1:J7Y8YcW2NihsgmVo/mv3lAwl/skON4iLHjSsI+c5H38=
github.com/dustin/go-broadcast v0.0.0-20171205050544-f664265f5a66 h1:QnnoVdChKs+GeTvN4rPYTW6b5U6M3HMEvQ/+x4IGtfY=
github.com/dustin/go-broadcast v0.0.0-20171205050544-f664265f5a66/go.mod h1:kTEh6M2J/mh7nsskr28alwLCXm/DSG5OSA/o31yy2XU=
github.com/envoyproxy/go-control-plane v0.9.0/go.mod h1:YTl/9mNaCwkRvm6d1a2C3ymFceY/DCBVvsKhRF0iEA4=
github.com/envoyproxy/go-control-plane v0.9.4/go.mod h1:6rpuAdCZL397s3pYoYcLgu1mIlRU8Am5FuJP05cCM98=
github.com/envoyproxy/protoc-gen-validate v0.1.0/go.mod h1:iSmxcyjqTsJpI2R4NaDN7+kN2VEUnK/pcBlmesArF7c=
github.com/fasthttp/router v0.5.4 h1:E310P7/DX7+4VO925MP54ydzXjai57O8qAfM4ZiqNp8=
github.com/fasthttp/router v0.5.4/go.mod h1:PG/4Ndgw8Wfv/RhfYEEyc2cST0AabipS01KjGMHXd0s=
github.com/fasthttp/router v1.3.2 h1:n9r5QNuJi5z5Sp2vp/0SrawogTjGfYFqTOyP/R8ehNI=
github.com/fasthttp/router v1.3.2/go.mod h1:athTSKMdel0Qhh3W4nB8qn+EPYuyj6YZMUo6ZcXWTgc=
github.com/gabrielperezs/monad v0.0.0-20180308160940-55c1432f9185 h1:3ozC0zHvVTvYzR4DK+7CGYzl2lxCQvZShUs4sdxHV8c=
github.com/gabrielperezs/monad v0.0.0-20180308160940-55c1432f9185/go.mod h1:Gm8nrO4OsPPO380JrAo50BBad+R9NaLnRgaCY38qF8U=
github.com/gabrielperezs/streamspooler v0.0.0-20200124090600-209b2fbc9c90 h1:wd0GafWIMg9T2TP+3ZHy/KHEGuRbvZCyJ7uuhEmnb5U=
github.com/gabrielperezs/streamspooler v0.0.0-20200124090600-209b2fbc9c90/go.mod h1:qkFWZ1STXd0WVy2knpTt2Id4GDNwfa5rWHNX29notBc=
github.com/gallir/bytebufferpool v0.0.0-20190131213615-8b84991abaea h1:WFJ18iqIcGOSv6r+sv7C5D6PgTSqdSbjqCDnEsxwLDU=
github.com/gallir/bytebufferpool v0.0.0-20190131213615-8b84991abaea/go.mod h1:EvF/25bM1AJztIQoy+py9ti+T/nOmZF21mHad2QV9p4=
github.com/gallir/bytebufferpool v1.0.0 h1:2nDg/Hze/DwX7AAW/9iLph6mIWDH2FP96iZQvWJoSVE=
github.com/gallir/bytebufferpool v1.0.0/go.mod h1:EvF/25bM1AJztIQoy+py9ti+T/nOmZF21mHad2QV9p4=
github.com/gin-contrib/sse v0.0.0-20170109093832-22d885f9ecc7 h1:AzN37oI0cOS+cougNAV9szl6CVoj2RYwzS3DpUQNtlY=
github.com/gin-contrib/sse v0.0.0-20170109093832-22d885f9ecc7/go.mod h1:VJ0WA2NBN22VlZ2dKZQPAPnyWw5XTlK1KymzLKsr59s=
github.com/gin-contrib/sse v0.1.0 h1:Y/yl/+YNO8GZSjAhjMsSuLt29uWRFHdHYUb5lYOV9qE=
github.com/gin-contrib/sse v0.1.0/go.mod h1:RHrZQHXnP2xjPF+u1gW/2HnVO7nvIa9PG3Gm+fLHvGI=
github.com/gin-gonic/autotls v0.0.0-20180426091246-be87bd5ef97b h1:dm/NYytoj7p8Jc6zMvyRz3PCQrTTCXnVRvEzyBcM890=
github.com/gin-gonic/autotls v0.0.0-20180426091246-be87bd5ef97b/go.mod h1:vwfeXwKgEIWq63oVfwaBjoByS4dZzYbHHROHjV4IjNY=
github.com/gin-gonic/autotls v0.0.3 h1:/kVAtMOz7qmohg93VMTb0SqB0g7wQm6ujPS8BsNeDC8=
github.com/gin-gonic/autotls v0.0.3/go.mod h1:GThKJ63OxN5tZl+YkxOVVaqm9qYiwi8kk9z0dbSCe5M=
github.com/gin-gonic/gin v1.3.1-0.20181106054020-37854ee10f71 h1:ZOm/4dEVdDqBAwj1sh1tpJWmH0ot1EuuLQd73PtA7fI=
github.com/gin-gonic/gin v1.3.1-0.20181106054020-37854ee10f71/go.mod h1:OCgZT99kgRSE2OdC4zg6xklwvI+/6hQ+k4R4J1mzLn4=
github.com/gin-gonic/gin v1.6.3 h1:ahKqKTFpO5KTPHxWZjEdPScmYaGtLo8Y4DMHoEsnp14=
github.com/gin-gonic/gin v1.6.3/go.mod h1:75u5sXoLsGZoRN5Sgbi1eraJ4GU3++wFwWzhwvtwp4M=
github.com/go-playground/assert/v2 v2.0.1/go.mod h1:VDjEfimB/XKnb+ZQfWdccd7VUvScMdVu0Titje2rxJ4=
github.com/go-playground/locales v0.13.0 h1:HyWk6mgj5qFqCT5fjGBuRArbVDfE4hi8+e8ceBS/t7Q=
github.com/go-playground/locales v0.13.0/go.mod h1:taPMhCMXrRLJO55olJkUXHZBHCxTMfnGwq/HNwmWNS8=
github.com/go-playground/universal-translator v0.17.0 h1:icxd5fm+REJzpZx7ZfpaD876Lmtgy7VtROAbHHXk8no=
github.com/go-playground/universal-translator v0.17.0/go.mod h1:UkSxE5sNxxRwHyU+Scu5vgOQjsIJAF8j9muTVoKLVtA=
github.com/go-playground/validator/v10 v10.2.0 h1:KgJ0snyC2R9VXYN2rneOtQcw5aHQB1Vv0sFl1UcHBOY=
github.com/go-playground/validator/v10 v10.2.0/go.mod h1:uOYAAleCW8F/7oMFd6aG0GOhaH6EGOAJShg8Id5JGkI=
github.com/go-sql-driver/mysql v1.5.0/go.mod h1:DCzpHaOWr8IXmIStZouvnhqoel9Qv2LBy8hT2VhHyBg=
github.com/golang/glog v0.0.0-20160126235308-23def4e6c14b/go.mod h1:SBH7ygxi8pfUlaOkMMuAQtPIUF8ecWP5IEl/CR7VP2Q=
github.com/golang/lint v0.0.0-20180702182130-06c8688daad7/go.mod h1:tluoj9z5200jBnyusfRPU2LqT6J+DAorxEvtC7LHB+E=
github.com/golang/mock v1.1.1/go.mod h1:oTYuIxOrZwtPieC+H1uAHpcLFnEyAGVDL/k47Jfbm0A=
github.com/golang/protobuf v1.2.0/go.mod h1:6lQm79b+lXiMfvg/cZm0SGofjICqVBUtrP5yJMmIC1U=
github.com/golang/protobuf v1.2.1-0.20181105201048-75dceb112b17 h1:rmRYpVSV166iInAw8BZf3ZDtKJUyW1Hf/ZIGDIQoiwE=
github.com/golang/protobuf v1.2.1-0.20181105201048-75dceb112b17/go.mod h1:Qd/q+1AKNOZr9uGQzbzCmRO6sUih6GTPZv6a1/R87v0=
github.com/golang/protobuf v1.3.2/go.mod h1:6lQm79b+lXiMfvg/cZm0SGofjICqVBUtrP5yJMmIC1U=
github.com/golang/protobuf v1.3.3 h1:gyjaxf+svBWX08ZjK86iN9geUJF0H6gp2IRKX6Nf6/I=
github.com/golang/protobuf v1.3.3/go.mod h1:vzj43D7+SQXF/4pzW/hwtAqwc6iTitCiVSaWz5lYuqw=
github.com/golang/protobuf v1.4.0-rc.1/go.mod h1:ceaxUfeHdC40wWswd/P6IGgMaK3YpKi5j83Wpe3EHw8=
github.com/golang/protobuf v1.4.0-rc.1.0.20200221234624-67d41d38c208/go.mod h1:xKAWHe0F5eneWXFV3EuXVDTCmh+JuBKY0li0aMyXATA=
github.com/golang/protobuf v1.4.0-rc.2/go.mod h1:LlEzMj4AhA7rCAGe4KMBDvJI+AwstrUpVNzEA03Pprs=
github.com/golang/protobuf v1.4.0-rc.4.0.20200313231945-b860323f09d0/go.mod h1:WU3c8KckQ9AFe+yFwt9sWVRKCVIyN9cPHBJSNnbL67w=
github.com/golang/protobuf v1.4.0/go.mod h1:jodUvKwWbYaEsadDk5Fwe5c77LiNKVO9IDvqG2KuDX0=
github.com/golang/protobuf v1.4.2 h1:+Z5KGCizgyZCbGh1KZqA0fcLLkwbsjIzS4aV2v7wJX0=
github.com/golang/protobuf v1.4.2/go.mod h1:oDoupMAO8OvCJWAcko0GGGIgR6R6ocIYbsSw735rRwI=
github.com/golang/snappy v0.0.0-20180518054509-2e65f85255db h1:woRePGFeVFfLKN/pOkfl+p/TAqKOfFu+7KPlMVpok/w=
github.com/golang/snappy v0.0.0-20180518054509-2e65f85255db/go.mod h1:/XxbfmMg8lxefKM7IXC3fBNl/7bRcc72aCRzEWrmP2Q=
github.com/golang/snappy v0.0.1 h1:Qgr9rKW7uDUkrbSmQeiDsGa8SjGyCOGtuasMWwvp2P4=
github.com/golang/snappy v0.0.1/go.mod h1:/XxbfmMg8lxefKM7IXC3fBNl/7bRcc72aCRzEWrmP2Q=
github.com/google/go-cmp v0.2.0/go.mod h1:oXzfMopK8JAjlY9xF4vHSVASa0yLyX7SntLO5aqRK0M=
github.com/google/go-cmp v0.3.0/go.mod h1:8QqcDgzrUqlUb/G2PQTWiueGozuR1884gddMywk6iLU=
github.com/google/go-cmp v0.3.1/go.mod h1:8QqcDgzrUqlUb/G2PQTWiueGozuR1884gddMywk6iLU=
github.com/google/go-cmp v0.4.0/go.mod h1:v8dTdLbMG2kIc/vJvl+f65V22dbkXbowE6jgT/gNBxE=
github.com/google/gofuzz v1.0.0/go.mod h1:dBl0BpW6vV/+mYPU4Po3pmUjxk6FQPldtuIdl/M65Eg=
github.com/jessevdk/go-assets v0.0.0-20160921144138-4f4301a06e15 h1:cW/amwGEJK5MSKntPXRjX4dxs/nGxGT8gXKIsKFmHGc=
github.com/jessevdk/go-assets v0.0.0-20160921144138-4f4301a06e15/go.mod h1:Fdm/oWRW+CH8PRbLntksCNtmcCBximKPkVQYvmMl80k=
github.com/jmespath/go-jmespath v0.0.0-20180206201540-c2b33e8439af h1:pmfjZENx5imkbgOkpRUYLnmbU7UEFbjtDA2hxJ1ichM=
github.com/jmespath/go-jmespath v0.0.0-20180206201540-c2b33e8439af/go.mod h1:Nht3zPeWKUH0NzdCt2Blrr5ys8VGpn0CEB0cQHVjt7k=
github.com/jmespath/go-jmespath v0.3.0 h1:OS12ieG61fsCg5+qLJ+SsW9NicxNkg3b25OyT2yCeUc=
github.com/jmespath/go-jmespath v0.3.0/go.mod h1:9QtRXoHjLGCJ5IBSaohpXITPlowMeeYCZ7fLUTSywik=
github.com/json-iterator/go v1.1.5/go.mod h1:+SdeFBvtyEkXs7REEP0seUULqWtbJapLOCVDaaPEHmU=
github.com/json-iterator/go v1.1.6 h1:MrUvLMLTMxbqFJ9kzlvat/rYZqZnW3u4wkLzWTaFwKs=
github.com/json-iterator/go v1.1.6/go.mod h1:+SdeFBvtyEkXs7REEP0seUULqWtbJapLOCVDaaPEHmU=
github.com/json-iterator/go v1.1.9 h1:9yzud/Ht36ygwatGx56VwCZtlI/2AD15T1X2sjSuGns=
github.com/json-iterator/go v1.1.9/go.mod h1:KdQUCv79m/52Kvf8AW2vK1V8akMuk1QjK/uOdHXbAo4=
github.com/kisielk/gotool v1.0.0/go.mod h1:XhKaO+MFFWcvkIS/tQcRk01m1F5IRFswLeQ+oQHNcck=
github.com/klauspost/compress v1.8.2/go.mod h1:RyIbtBH6LamlWaDj8nUwkbUhJ87Yi3uG0guNDohfE1A=
github.com/klauspost/compress v1.9.8-0.20200105160404-5c1f19d3298c h1:IuV0w0QCDafGPyFF4BXdoBuypdEAhSzm5ksD46z6Nzs=
github.com/klauspost/compress v1.9.8-0.20200105160404-5c1f19d3298c/go.mod h1:RyIbtBH6LamlWaDj8nUwkbUhJ87Yi3uG0guNDohfE1A=
github.com/klauspost/compress v1.10.7 h1:7rix8v8GpI3ZBb0nSozFRgbtXKv+hOe+qfEpZqybrAg=
github.com/klauspost/compress v1.10.7/go.mod h1:aoV0uJVorq1K+umq18yTdKaF57EivdYsUV+/s2qKfXs=
github.com/klauspost/compress v1.11.0 h1:wJbzvpYMVGG9iTI9VxpnNZfd4DzMPoCWze3GgSqz8yg=
github.com/klauspost/compress v1.11.0/go.mod h1:aoV0uJVorq1K+umq18yTdKaF57EivdYsUV+/s2qKfXs=
github.com/klauspost/cpuid v0.0.0-20160302075316-09cded8978dc/go.mod h1:Pj4uuM528wm8OyEC2QMXAi2YiTZ96dNQPGgoMS4s3ek=
github.com/klauspost/cpuid v1.2.1/go.mod h1:Pj4uuM528wm8OyEC2QMXAi2YiTZ96dNQPGgoMS4s3ek=
github.com/klauspost/cpuid v1.3.1 h1:5JNjFYYQrZeKRJ0734q51WCEEn2huer72Dc7K+R/b6s=
github.com/klauspost/cpuid v1.3.1/go.mod h1:bYW4mA6ZgKPob1/Dlai2LviZJO7KGI3uoWLd42rAQw4=
github.com/leodido/go-urn v1.2.0 h1:hpXL4XnriNwQ/ABnpepYM/1vCLWNDfUNts8dX3xTG6Y=
github.com/leodido/go-urn v1.2.0/go.mod h1:+8+nEpDfqqsY+g338gtMEUOtuK+4dEMhiQEgxpxOKII=
github.com/manucorporat/stats v0.0.0-20180402194714-3ba42d56d227 h1:KIaAZ/V+/0/6BOULrmBQ9T1ed8BkKqGIjIKW923nJuo=
github.com/manucorporat/stats v0.0.0-20180402194714-3ba42d56d227/go.mod h1:ruMr5t05gVho4tuDv0PbI0Bb8nOxc/5Y6JzRHe/yfA0=
github.com/mattn/go-isatty v0.0.4/go.mod h1:M+lRXTBqGeGNdLjl/ufCoiOlB5xdOkqRJdNxMWT7Zi4=
github.com/mattn/go-isatty v0.0.5-0.20180830101745-3fb116b82035 h1:USWjF42jDCSEeikX/G1g40ZWnsPXN5WkZ4jMHZWyBK4=
github.com/mattn/go-isatty v0.0.5-0.20180830101745-3fb116b82035/go.mod h1:M+lRXTBqGeGNdLjl/ufCoiOlB5xdOkqRJdNxMWT7Zi4=
github.com/mattn/go-isatty v0.0.12 h1:wuysRhFDzyxgEmMf5xjvJ2M9dZoWAXNNr5LSBS7uHXY=
github.com/mattn/go-isatty v0.0.12/go.mod h1:cbi8OIDigv2wuxKPP5vlRcQ1OAZbq2CE4Kysco4FUpU=
github.com/modern-go/concurrent v0.0.0-20180228061459-e0a39a4cb421/go.mod h1:6dJC0mAP4ikYIbvyc7fijjWJddQyLn8Ig3JB5CqoB9Q=
github.com/modern-go/concurrent v0.0.0-20180306012644-bacd9c7ef1dd h1:TRLaZ9cD/w8PVh93nsPXa1VrQ6jlwL5oN8l14QlcNfg=
github.com/modern-go/concurrent v0.0.0-20180306012644-bacd9c7ef1dd/go.mod h1:6dJC0mAP4ikYIbvyc7fijjWJddQyLn8Ig3JB5CqoB9Q=
github.com/modern-go/reflect2 v0.0.0-20180701023420-4b7aa43c6742/go.mod h1:bx2lNnkwVCuqBIxFjflWJWanXIb3RllmbCylyMrvgv0=
github.com/modern-go/reflect2 v1.0.1 h1:9f412s+6RmYXLWZSEzVVgPGK7C2PphHj5RJrvfx9AWI=
github.com/modern-go/reflect2 v1.0.1/go.mod h1:bx2lNnkwVCuqBIxFjflWJWanXIb3RllmbCylyMrvgv0=
github.com/pkg/errors v0.9.1/go.mod h1:bwawxfHBFNV+L2hUp1rHADufV3IMtnDRdf1r5NINEl0=
github.com/pmezard/go-difflib v1.0.0 h1:4DBwDE0NGyQoBHbLQYPwSUPoCMWR5BEzIk/f1lZbAQM=
github.com/pmezard/go-difflib v1.0.0/go.mod h1:iKH77koFhYxTK1pcRnkKkqfTogsbg7gZNVY4sRDYZ/4=
github.com/pquerna/ffjson v0.0.0-20171002144729-d49c2bc1aa13 h1:AUK/hm/tPsiNNASdb3J8fySVRZoI7fnK5mlOvdFD43o=
github.com/pquerna/ffjson v0.0.0-20171002144729-d49c2bc1aa13/go.mod h1:YARuvh7BUWHNhzDq2OM5tzR2RiCcN2D7sapiKyCel/M=
github.com/pquerna/ffjson v0.0.0-20190930134022-aa0246cd15f7 h1:xoIK0ctDddBMnc74udxJYBqlo9Ylnsp1waqjLsnef20=
github.com/pquerna/ffjson v0.0.0-20190930134022-aa0246cd15f7/go.mod h1:YARuvh7BUWHNhzDq2OM5tzR2RiCcN2D7sapiKyCel/M=
github.com/prometheus/client_model v0.0.0-20190812154241-14fe0d1b01d4/go.mod h1:xMI15A0UPsDsEKsMN9yxemIoYk6Tm2C1GtYGdfGttqA=
github.com/savsgio/gotils v0.0.0-20190925070755-524bc4f47500 h1:9Pi10H7E8E79/x2HSe1FmMGd7BJ1WAqDKzwjpv+ojFg=
github.com/savsgio/gotils v0.0.0-20190925070755-524bc4f47500/go.mod h1:lHhJedqxCoHN+zMtwGNTXWmF0u9Jt363FYRhV6g0CdY=
github.com/savsgio/gotils v0.0.0-20200616100644-13ff1fd2c28c h1:KKqhycXW1WVNkX7r4ekTV2gFkbhdyihlWD8c0/FiWmk=
github.com/savsgio/gotils v0.0.0-20200616100644-13ff1fd2c28c/go.mod h1:TWNAOTaVzGOXq8RbEvHnhzA/A2sLZzgn0m6URjnukY8=
github.com/spaolacci/murmur3 v0.0.0-20180118202830-f09979ecbc72/go.mod h1:JwIasOWyU6f++ZhiEuf87xNszmSA2myDM2Kzu9HwQUA=
github.com/spaolacci/murmur3 v1.1.0 h1:7c1g84S4BPRrfL5Xrdp6fOJ206sU9y293DDHaoy0bLI=
github.com/spaolacci/murmur3 v1.1.0/go.mod h1:JwIasOWyU6f++ZhiEuf87xNszmSA2myDM2Kzu9HwQUA=
github.com/stretchr/objx v0.1.0/go.mod h1:HFkY916IF+rwdDfMAkV7OtwuqBVzrE8GR6GFx+wExME=
github.com/stretchr/testify v1.2.2/go.mod h1:a8OnRcib4nhh0OaRAV+Yts87kKdq0PP7pXfy6kDkUVs=
github.com/stretchr/testify v1.3.0/go.mod h1:M5WIy9Dh21IEIfnGCwXGc5bZfKNJtfHm1UVUgZn+9EI=
github.com/stretchr/testify v1.4.0/go.mod h1:j7eGeouHqKxXV5pUuKE4zz7dFj8WfuZ+81PSLYec5m4=
github.com/stretchr/testify v1.5.1/go.mod h1:5W2xD1RspED5o8YsWQXVCued0rvSQ+mT+I5cxcmMvtA=
github.com/thinkerou/favicon v0.1.0 h1:eWMISKTpHq2G8HOuKn7ydD55j5DDehx94b0C2y8ABMs=
github.com/thinkerou/favicon v0.1.0/go.mod h1:HL7Pap5kOluZv1ku34pZo/AJ44GaxMEPFZ3pmuexV2s=
github.com/ugorji/go v1.1.1/go.mod h1:hnLbHMwcvSihnDhEfx2/BzKp2xb0Y+ErdfYcrs9tkJQ=
github.com/ugorji/go v1.1.2-0.20181022190402-e5e69e061d4f h1:E6ip3gLExd3v9o1iiZMMxOaC/XiWk3mPbDTOPLL0eWw=
github.com/ugorji/go v1.1.2-0.20181022190402-e5e69e061d4f/go.mod h1:hnLbHMwcvSihnDhEfx2/BzKp2xb0Y+ErdfYcrs9tkJQ=
github.com/ugorji/go v1.1.7/go.mod h1:kZn38zHttfInRq0xu/PH0az30d+z6vm202qpg1oXVMw=
github.com/ugorji/go v1.1.8 h1:/D9x7IRpfMHDlizVOgxrag5Fh+/NY+LtI8bsr+AswRA=
github.com/ugorji/go v1.1.8/go.mod h1:0lNM99SwWUIRhCXnigEMClngXBk/EmpTXa7mgiewYWA=
github.com/ugorji/go/codec v1.1.7/go.mod h1:Ax+UKWsSmolVDwsd+7N3ZtXu+yMGCf907BLYF3GoBXY=
github.com/ugorji/go/codec v1.1.8 h1:4dryPvxMP9OtkjIbuNeK2nb27M38XMHLGlfNSNph/5s=
github.com/ugorji/go/codec v1.1.8/go.mod h1:X00B19HDtwvKbQY2DcYjvZxKQp8mzrJoQ6EgoIY/D2E=
github.com/valyala/bytebufferpool v1.0.0/go.mod h1:6bBcMArwyJ5K/AmCkWv1jt77kVWyCJ6HpOuEn7z0Csc=
github.com/valyala/bytebufferpool v1.0.1-0.20180905182247-cdfbe9377474 h1:5x9cPAJaXVu7KpYQ5rcHWufoM4BK2e+3EbNv24URpbk=
github.com/valyala/bytebufferpool v1.0.1-0.20180905182247-cdfbe9377474/go.mod h1:6bBcMArwyJ5K/AmCkWv1jt77kVWyCJ6HpOuEn7z0Csc=
github.com/valyala/fasthttp v1.7.1/go.mod h1:FstJa9V+Pj9vQ7OJie2qMHdwemEDaDiSdBnvPM1Su9w=
github.com/valyala/fasthttp v1.7.2-0.20191231112327-16c53d6b0450 h1:u1Xcylug0E4wyUdjCIMup6tdQ/JPIfaEglNXafGgwwg=
github.com/valyala/fasthttp v1.7.2-0.20191231112327-16c53d6b0450/go.mod h1:FstJa9V+Pj9vQ7OJie2qMHdwemEDaDiSdBnvPM1Su9w=
github.com/valyala/fasthttp v1.16.0 h1:9zAqOYLl8Tuy3E5R6ckzGDJ1g8+pw15oQp2iL9Jl6gQ=
github.com/valyala/fasthttp v1.16.0/go.mod h1:YOKImeEosDdBPnxc0gy7INqi3m1zK6A+xl6TwOBhHCA=
github.com/valyala/tcplisten v0.0.0-20161114210144-ceec8f93295a/go.mod h1:v3UYOV9WzVtRmSR+PDvWpU/qWl4Wa5LApYYX4ZtKbio=
golang.org/x/crypto v0.0.0-20181015023909-0c41d7ab0a0e/go.mod h1:6SG95UA2DQfeDnfUPMdvaQW0Q7yPrPDi9nlGo2tz2b4=
golang.org/x/crypto v0.0.0-20190308221718-c2843e01d9a2 h1:VklqNMn3ovrHsnt90PveolxSbWFaJdECFbxSq0Mqo2M=
golang.org/x/crypto v0.0.0-20190308221718-c2843e01d9a2/go.mod h1:djNgcEr1/C05ACkg1iLfiJU5Ep61QUkGW8qpdssI0+w=
golang.org/x/crypto v0.0.0-20200820211705-5c72a883971a h1:vclmkQCjlDX5OydZ9wv8rBCcS0QyQY66Mpf/7BZbInM=
golang.org/x/crypto v0.0.0-20200820211705-5c72a883971a/go.mod h1:LzIPMQfyMNhhGPhUkYOs5KpL4U8rLKemX1yGLhDgUto=
golang.org/x/exp v0.0.0-20190121172915-509febef88a4/go.mod h1:CJ0aWSM057203Lf6IL+f9T1iT9GByDxfZKAQTCR3kQA=
golang.org/x/lint v0.0.0-20180702182130-06c8688daad7/go.mod h1:UVdnD1Gm6xHRNCYTkRU2/jEulfH38KcIWyp/GAMgvoE=
golang.org/x/lint v0.0.0-20181011164241-5906bd5c48cd h1:cgsAvzdqkDKdI02tIvDjO225vDPHMDCgfKqx5KEVI7U=
golang.org/x/lint v0.0.0-20181011164241-5906bd5c48cd/go.mod h1:UVdnD1Gm6xHRNCYTkRU2/jEulfH38KcIWyp/GAMgvoE=
golang.org/x/lint v0.0.0-20181026193005-c67002cb31c3/go.mod h1:UVdnD1Gm6xHRNCYTkRU2/jEulfH38KcIWyp/GAMgvoE=
golang.org/x/lint v0.0.0-20190227174305-5b3e6a55c961/go.mod h1:wehouNa3lNwaWXcvxsM5YxQ5yQlVC4a0KAMCusXpPoU=
golang.org/x/lint v0.0.0-20190313153728-d0100b6bd8b3/go.mod h1:6SW0HCj/g11FgYtHlgUYUwCkIfeOF89ocIRzGO/8vkc=
golang.org/x/net v0.0.0-20180724234803-3673e40ba225/go.mod h1:mL1N/T3taQHkDXs73rZJwtUhF3w3ftmwwsq0BUmARs4=
golang.org/x/net v0.0.0-20180826012351-8a410e7b638d/go.mod h1:mL1N/T3taQHkDXs73rZJwtUhF3w3ftmwwsq0BUmARs4=
golang.org/x/net v0.0.0-20180906233101-161cd47e91fd/go.mod h1:mL1N/T3taQHkDXs73rZJwtUhF3w3ftmwwsq0BUmARs4=
golang.org/x/net v0.0.0-20180926154720-4dfa2610cdf3/go.mod h1:mL1N/T3taQHkDXs73rZJwtUhF3w3ftmwwsq0BUmARs4=
golang.org/x/net v0.0.0-20181011144130-49bb7cea24b1/go.mod h1:mL1N/T3taQHkDXs73rZJwtUhF3w3ftmwwsq0BUmARs4=
golang.org/x/net v0.0.0-20190213061140-3a22650c66bd/go.mod h1:mL1N/T3taQHkDXs73rZJwtUhF3w3ftmwwsq0BUmARs4=
golang.org/x/net v0.0.0-20190311183353-d8887717615a/go.mod h1:t9HGtf8HONx5eT2rtn7q6eTqICYqUVnKs3thJo3Qplg=
golang.org/x/net v0.0.0-20190404232315-eb5bcb51f2a3/go.mod h1:t9HGtf8HONx5eT2rtn7q6eTqICYqUVnKs3thJo3Qplg=
golang.org/x/net v0.0.0-20190827160401-ba9fcec4b297 h1:k7pJ2yAPLPgbskkFdhRCsA77k2fySZ1zf2zCjvQCiIM=
golang.org/x/net v0.0.0-20190827160401-ba9fcec4b297/go.mod h1:z5CRVTTTmAJ677TzLLGU+0bjPO0LkuOLi4/5GtJWs/s=
golang.org/x/net v0.0.0-20200202094626-16171245cfb2/go.mod h1:z5CRVTTTmAJ677TzLLGU+0bjPO0LkuOLi4/5GtJWs/s=
golang.org/x/net v0.0.0-20200602114024-627f9648deb9 h1:pNX+40auqi2JqRfOP1akLGtYcn15TUbkhwuCO3foqqM=
golang.org/x/net v0.0.0-20200602114024-627f9648deb9/go.mod h1:qpuaurCH72eLCgpAm/N6yyVIVM9cpaDIP3A8BGJEC5A=
golang.org/x/oauth2 v0.0.0-20180821212333-d2e6202438be/go.mod h1:N/0e6XlmueqKjAGxoOufVs8QHGRruUQn6yWY3a++T0U=
golang.org/x/sync v0.0.0-20180314180146-1d60e4601c6f/go.mod h1:RxMgew5VJxzue5/jJTE5uejpjVlOe/izrB70Jof72aM=
golang.org/x/sync v0.0.0-20181108010431-42b317875d0f/go.mod h1:RxMgew5VJxzue5/jJTE5uejpjVlOe/izrB70Jof72aM=
golang.org/x/sync v0.0.0-20190423024810-112230192c58/go.mod h1:RxMgew5VJxzue5/jJTE5uejpjVlOe/izrB70Jof72aM=
golang.org/x/sys v0.0.0-20180830151530-49385e6e1522/go.mod h1:STP8DvDyc/dI5b8T5hshtkjS+E42TnysNCUPdjciGhY=
golang.org/x/sys v0.0.0-20181011152604-fa43e7bc11ba/go.mod h1:STP8DvDyc/dI5b8T5hshtkjS+E42TnysNCUPdjciGhY=
golang.org/x/sys v0.0.0-20181019160139-8e24a49d80f8/go.mod h1:STP8DvDyc/dI5b8T5hshtkjS+E42TnysNCUPdjciGhY=
golang.org/x/sys v0.0.0-20190215142949-d0b11bdaac8a h1:1BGLXjeY4akVXGgbC9HugT3Jv3hCI0z56oJR5vAMgBU=
golang.org/x/sys v0.0.0-20190215142949-d0b11bdaac8a/go.mod h1:STP8DvDyc/dI5b8T5hshtkjS+E42TnysNCUPdjciGhY=
golang.org/x/sys v0.0.0-20190412213103-97732733099d/go.mod h1:h1NjWce9XRLGQEsW7wpKNCjG9DtNlClVuFLEZdDNbEs=
golang.org/x/sys v0.0.0-20200116001909-b77594299b42/go.mod h1:h1NjWce9XRLGQEsW7wpKNCjG9DtNlClVuFLEZdDNbEs=
golang.org/x/sys v0.0.0-20200323222414-85ca7c5b95cd/go.mod h1:h1NjWce9XRLGQEsW7wpKNCjG9DtNlClVuFLEZdDNbEs=
golang.org/x/sys v0.0.0-20200602225109-6fdc65e7d980 h1:OjiUf46hAmXblsZdnoSXsEUSKU8r1UEzcL5RVZ4gO9Y=
golang.org/x/sys v0.0.0-20200602225109-6fdc65e7d980/go.mod h1:h1NjWce9XRLGQEsW7wpKNCjG9DtNlClVuFLEZdDNbEs=
golang.org/x/sys v0.0.0-20200918174421-af09f7315aff h1:1CPUrky56AcgSpxz/KfgzQWzfG09u5YOL8MvPYBlrL8=
golang.org/x/sys v0.0.0-20200918174421-af09f7315aff/go.mod h1:h1NjWce9XRLGQEsW7wpKNCjG9DtNlClVuFLEZdDNbEs=
golang.org/x/text v0.3.0/go.mod h1:NqM8EUOU14njkJ3fqMW+pc6Ldnwhi/IjpwHt7yyuwOQ=
golang.org/x/text v0.3.1-0.20180911161511-905a57155faa h1:LgGKF9zrIFGF2v0zoTXJ65Mzg+Fb7oHdFZDLILeSVGs=
golang.org/x/text v0.3.1-0.20180911161511-905a57155faa/go.mod h1:NqM8EUOU14njkJ3fqMW+pc6Ldnwhi/IjpwHt7yyuwOQ=
golang.org/x/text v0.3.2 h1:tW2bmiBqwgJj/UpqtC8EpXEZVYOwU0yG4iWbprSVAcs=
golang.org/x/text v0.3.2/go.mod h1:bEr9sfX3Q8Zfm5fL9x+3itogRgK3+ptLWKqgva+5dAk=
golang.org/x/tools v0.0.0-20180826000951-f6ba57429505/go.mod h1:n7NCudcB/nEzxVGmLbDWY5pfWTLqBcC2KZ6jyYvM4mQ=
golang.org/x/tools v0.0.0-20180828015842-6cd1fcedba52 h1:JG/0uqcGdTNgq7FdU+61l5Pdmb8putNZlXb65bJBROs=
golang.org/x/tools v0.0.0-20180828015842-6cd1fcedba52/go.mod h1:n7NCudcB/nEzxVGmLbDWY5pfWTLqBcC2KZ6jyYvM4mQ=
golang.org/x/tools v0.0.0-20180917221912-90fa682c2a6e/go.mod h1:n7NCudcB/nEzxVGmLbDWY5pfWTLqBcC2KZ6jyYvM4mQ=
golang.org/x/tools v0.0.0-20190114222345-bf090417da8b/go.mod h1:n7NCudcB/nEzxVGmLbDWY5pfWTLqBcC2KZ6jyYvM4mQ=
golang.org/x/tools v0.0.0-20190226205152-f727befe758c/go.mod h1:9Yl7xja0Znq3iFh3HoIrodX9oNMXvdceNzlUR8zjMvY=
golang.org/x/tools v0.0.0-20190311212946-11955173bddd/go.mod h1:LCzVGOaR6xXOjkQ3onu1FJEFr0SW1gC7cKk1uF8kGRs=
golang.org/x/tools v0.0.0-20190524140312-2c0ae7006135/go.mod h1:RgjU9mgBXZiqYHBnxXauZ1Gv1EHHAz9KjViQ78xBX0Q=
golang.org/x/xerrors v0.0.0-20191204190536-9bdfabe68543/go.mod h1:I/5z698sn9Ka8TeJc9MKroUUfqBBauWjQqLJ2OPfmY0=
google.golang.org/appengine v1.1.0/go.mod h1:EbEs0AVv82hx2wNQdGPgUI5lhzA/G0D9YwlJXL52JkM=
google.golang.org/appengine v1.4.0/go.mod h1:xpcJRLb0r/rnEns0DIKYYv+WjYCduHsrkT7/EB5XEv4=
google.golang.org/genproto v0.0.0-20180817151627-c66870c02cf8/go.mod h1:JiN7NxoALGmiZfu7CAH4rXhgtRTLTxftemlI0sWmxmc=
google.golang.org/genproto v0.0.0-20180831171423-11092d34479b/go.mod h1:JiN7NxoALGmiZfu7CAH4rXhgtRTLTxftemlI0sWmxmc=
google.golang.org/genproto v0.0.0-20180928223349-c7e5094acea1 h1:y+7ra8GA+PNVmm+pBIWTKIK+YaBeRiGH+3544JQqm58=
google.golang.org/genproto v0.0.0-20180928223349-c7e5094acea1/go.mod h1:JiN7NxoALGmiZfu7CAH4rXhgtRTLTxftemlI0sWmxmc=
google.golang.org/genproto v0.0.0-20190819201941-24fa4b261c55 h1:gSJIx1SDwno+2ElGhA4+qG2zF97qiUzTM+rQ0klBOcE=
google.golang.org/genproto v0.0.0-20190819201941-24fa4b261c55/go.mod h1:DMBHOl98Agz4BDEuKkezgsaosCRResVns1a3J2ZsMNc=
google.golang.org/grpc v1.2.1-0.20180928173848-b48e364c83c8/go.mod h1:0JHn/cJsOMiMfNA9+DeHDlAU7KAAB5GDlYFpa9MZMio=
google.golang.org/grpc v1.15.0 h1:Az/KuahOM4NAidTEuJCv/RonAA7rYsTPkqXVjr+8OOw=
google.golang.org/grpc v1.15.0/go.mod h1:0JHn/cJsOMiMfNA9+DeHDlAU7KAAB5GDlYFpa9MZMio=
google.golang.org/grpc v1.19.0/go.mod h1:mqu4LbDTu4XGKhr4mRzUsmM4RtVoemTSY81AxZiDr8c=
google.golang.org/grpc v1.23.0/go.mod h1:Y5yQAOtifL1yxbo5wqy6BxZv8vAUGQwXBOALyacEbxg=
google.golang.org/grpc v1.25.1/go.mod h1:c3i+UQWmh7LiEpx4sFZnkU36qjEYZ0imhYfXVyQciAY=
google.golang.org/grpc v1.32.0 h1:zWTV+LMdc3kaiJMSTOFz2UgSBgx8RNQoTGiZu3fR9S0=
google.golang.org/grpc v1.32.0/go.mod h1:N36X2cJ7JwdamYAgDz+s+rVMFjt3numwzf/HckM8pak=
google.golang.org/protobuf v0.0.0-20200109180630-ec00e32a8dfd/go.mod h1:DFci5gLYBciE7Vtevhsrf46CRTquxDuWsQurQQe4oz8=
google.golang.org/protobuf v0.0.0-20200221191635-4d8936d0db64/go.mod h1:kwYJMbMJ01Woi6D6+Kah6886xMZcty6N08ah7+eCXa0=
google.golang.org/protobuf v0.0.0-20200228230310-ab0ca4ff8a60/go.mod h1:cfTl7dwQJ+fmap5saPgwCLgHXTUD7jkjRqWcaiX5VyM=
google.golang.org/protobuf v1.20.1-0.20200309200217-e05f789c0967/go.mod h1:A+miEFZTKqfCUM6K7xSMQL9OKL/b6hQv+e19PK+JZNE=
google.golang.org/protobuf v1.21.0/go.mod h1:47Nbq4nVaFHyn7ilMalzfO3qCViNmqZ2kzikPIcrTAo=
google.golang.org/protobuf v1.23.0 h1:4MY060fB1DLGMB/7MBTLnwQUY6+F09GEiz6SsrNqyzM=
google.golang.org/protobuf v1.23.0/go.mod h1:EGpADcykh3NcUnDUJcl1+ZksZNG86OlYog2l/sGQquU=
gopkg.in/check.v1 v0.0.0-20161208181325-20d25e280405/go.mod h1:Co6ibVJAznAaIkqp8huTwlJQCZ016jof/cbN4VW5Yz0=
gopkg.in/go-playground/assert.v1 v1.2.1/go.mod h1:9RXL0bg/zibRAgZUYszZSwO/z8Y/a8bDuhia5mkpMnE=
gopkg.in/go-playground/validator.v8 v8.18.2 h1:lFB4DoMU6B626w8ny76MV7VX6W2VHct2GVOI3xgiMrQ=
gopkg.in/go-playground/validator.v8 v8.18.2/go.mod h1:RX2a/7Ha8BgOhfk7j780h4/u/RRjR0eouCJSH80/M2Y=
gopkg.in/yaml.v2 v2.2.1 h1:mUhvW9EsL+naU5Q3cakzfE91YhliOondGd6ZrsDBHQE=
gopkg.in/yaml.v2 v2.2.1/go.mod h1:hI93XBmqTisBFMUTm0b8Fm+jr3Dg1NNxqwp+5A1VGuI=
gopkg.in/yaml.v2 v2.2.2 h1:ZCJp+EgiOT7lHqUV2J862kp8Qj64Jo6az82+3Td9dZw=
gopkg.in/yaml.v2 v2.2.2/go.mod h1:hI93XBmqTisBFMUTm0b8Fm+jr3Dg1NNxqwp+5A1VGuI=
gopkg.in/yaml.v2 v2.2.8 h1:obN1ZagJSUGI0Ek/LBmuj4SNLPfIny3KsKFopxRdj10=
gopkg.in/yaml.v2 v2.2.8/go.mod h1:hI93XBmqTisBFMUTm0b8Fm+jr3Dg1NNxqwp+5A1VGuI=
honnef.co/go/tools v0.0.0-20180728063816-88497007e858/go.mod h1:rf3lG4BRIbNafJWhAfAdb/ePZxsR/4RtNHQocxwk9r4=
honnef.co/go/tools v0.0.0-20190102054323-c2f93a96b099/go.mod h1:rf3lG4BRIbNafJWhAfAdb/ePZxsR/4RtNHQocxwk9r4=
honnef.co/go/tools v0.0.0-20190523083050-ea95bdfd59fc/go.mod h1:rf3lG4BRIbNafJWhAfAdb/ePZxsR/4RtNHQocxwk9r4=
