# This file is autogenerated, do not edit; changes may be undone by the next 'dep ensure'.


[[projects]]
  branch = "master"
  name = "github.com/gabrielperezs/monad"
  packages = ["."]
  revision = "55c1432f9185e4e45ba78282595baacd7f1aa3df"

[[projects]]
  branch = "master"
  name = "github.com/gabrielperezs/streamspooler"
  packages = [
    "firehose",
    "kinesis"
  ]
  revision = "e92f9a952c70caa94e5819dedf391e1595bc6c9d"

[[projects]]
  branch = "master"
  name = "github.com/gallir/radix.improved"
  packages = [
    "cluster",
    "pool",
    "redis",
    "util"
  ]
  revision = "f79dde3618bc2814343e6288ff0d53344495d6ea"

[solve-meta]
  analyzer-name = "dep"
  analyzer-version = 1
  inputs-digest = "d86a2e80275704da64dc02579949ea33b6d1fcadd12205a1381fc5c1c991bea3"
  solver-name = "gps-cdcl"
  solver-version = 1
