# This file is autogenerated, do not edit; changes may be undone by the next 'dep ensure'.


[[projects]]
  branch = "master"
  digest = "1:db42888bbb8ef5a5fff55753285c91d368c2e3c9e19b5daca59312b6c9eb52b6"
  name = "github.com/gabrielperezs/monad"
  packages = ["."]
  pruneopts = "UT"
  revision = "55c1432f9185e4e45ba78282595baacd7f1aa3df"

[[projects]]
  branch = "master"
  digest = "1:998989afb65a4fa5d76eaaffae57f5479fd365c05bcb0f10b491f747388d20a8"
  name = "github.com/gabrielperezs/streamspooler"
  packages = [
    "firehose",
    "kinesis",
  ]
  pruneopts = "UT"
  revision = "02a1e547fac2dc27d7c1d8eac3b7d59ff4e23ee9"

[solve-meta]
  analyzer-name = "dep"
  analyzer-version = 1
  input-imports = [
    "github.com/gabrielperezs/streamspooler/firehose",
    "github.com/gabrielperezs/streamspooler/kinesis",
  ]
  solver-name = "gps-cdcl"
  solver-version = 1
