# This file is autogenerated, do not edit; changes may be undone by the next 'dep ensure'.


[[projects]]
  branch = "master"
  name = "github.com/gabrielperezs/monad"
  packages = ["."]
  revision = "55c1432f9185e4e45ba78282595baacd7f1aa3df"

[[projects]]
  branch = "master"
  name = "github.com/gabrielperezs/streamspooler"
  packages = [
    "firehose",
    "kinesis"
  ]
  revision = "e92f9a952c70caa94e5819dedf391e1595bc6c9d"

[solve-meta]
  analyzer-name = "dep"
  analyzer-version = 1
  inputs-digest = "b72da867f9c8110e156ff1c753e7325bac57641ba8b876c7445fd2eb86437004"
  solver-name = "gps-cdcl"
  solver-version = 1
